
Microsoft Visual Studio Solution File, Format Version 12.00
# Visual Studio Version 16
VisualStudioVersion = 16.0.30309.148
MinimumVisualStudioVersion = 10.0.40219.1
Project("{FAE04EC0-301F-11D3-BF4B-00C04F79EFBC}") = "Monogame Keyboard Input", "Monogame Keyboard Input.csproj", "{5885BC59-5187-4B51-9CC0-63DB62CC62AA}"
EndProject
Global
	GlobalSection(SolutionConfigurationPlatforms) = preSolution
		Debug|Any CPU = Debug|Any CPU
		Release|Any CPU = Release|Any CPU
	EndGlobalSection
	GlobalSection(ProjectConfigurationPlatforms) = postSolution
		{5885BC59-5187-4B51-9CC0-63DB62CC62AA}.Debug|Any CPU.ActiveCfg = Debug|Any CPU
		{5885BC59-5187-4B51-9CC0-63DB62CC62AA}.Debug|Any CPU.Build.0 = Debug|Any CPU
		{5885BC59-5187-4B51-9CC0-63DB62CC62AA}.Release|Any CPU.ActiveCfg = Release|Any CPU
		{5885BC59-5187-4B51-9CC0-63DB62CC62AA}.Release|Any CPU.Build.0 = Release|Any CPU
	EndGlobalSection
	GlobalSection(SolutionProperties) = preSolution
		HideSolutionNode = FALSE
	EndGlobalSection
	GlobalSection(ExtensibilityGlobals) = postSolution
		SolutionGuid = {900768A3-8ADA-4340-8363-1A15B4D9E8BF}
	EndGlobalSection
EndGlobal
